{
  "originHash" : "e5d0f68effe33090a2fe9ffff53474a349a46eb9093528d7ce8c0e56fd3cd927",
  "pins" : [
    {
      "identity" : "tiktok-business-ios-sdk",
      "kind" : "remoteSourceControl",
      "location" : "https://github.com/tiktok/tiktok-business-ios-sdk",
      "state" : {
        "revision" : "d701b7bcdf0274e4f5357245d5ae491f9fda2097",
        "version" : "1.3.8"
      }
    }
  ],
  "version" : 3
}
